
Microsoft Visual Studio Solution File, Format Version 12.00
# Visual Studio Version 16
VisualStudioVersion = 16.0.31515.178
MinimumVisualStudioVersion = 10.0.40219.1
Project("{8BC9CEB8-8B4A-11D0-8D11-00A0C91BC942}") = "mycode_2021_08_04", "mycode_2021_08_04\mycode_2021_08_04.vcxproj", "{74BF8D21-07E1-4925-8E2C-E8537EE25893}"
EndProject
Global
	GlobalSection(SolutionConfigurationPlatforms) = preSolution
		Debug|x64 = Debug|x64
		Debug|x86 = Debug|x86
		Release|x64 = Release|x64
		Release|x86 = Release|x86
	EndGlobalSection
	GlobalSection(ProjectConfigurationPlatforms) = postSolution
		{74BF8D21-07E1-4925-8E2C-E8537EE25893}.Debug|x64.ActiveCfg = Debug|x64
		{74BF8D21-07E1-4925-8E2C-E8537EE25893}.Debug|x64.Build.0 = Debug|x64
		{74BF8D21-07E1-4925-8E2C-E8537EE25893}.Debug|x86.ActiveCfg = Debug|Win32
		{74BF8D21-07E1-4925-8E2C-E8537EE25893}.Debug|x86.Build.0 = Debug|Win32
		{74BF8D21-07E1-4925-8E2C-E8537EE25893}.Release|x64.ActiveCfg = Release|x64
		{74BF8D21-07E1-4925-8E2C-E8537EE25893}.Release|x64.Build.0 = Release|x64
		{74BF8D21-07E1-4925-8E2C-E8537EE25893}.Release|x86.ActiveCfg = Release|Win32
		{74BF8D21-07E1-4925-8E2C-E8537EE25893}.Release|x86.Build.0 = Release|Win32
	EndGlobalSection
	GlobalSection(SolutionProperties) = preSolution
		HideSolutionNode = FALSE
	EndGlobalSection
	GlobalSection(ExtensibilityGlobals) = postSolution
		SolutionGuid = {1D5DBC63-A2CE-4288-A74E-010594793CDF}
	EndGlobalSection
EndGlobal
